#MicroXplorer Configuration settings - do not modify
File.Version=6
I2C1.IPParameters=Timing
I2C1.Timing=0x20303E5D
KeepUserPlacement=false
Mcu.Family=STM32F0
Mcu.IP0=I2C1
Mcu.IP1=NVIC
Mcu.IP2=RCC
Mcu.IP3=SPI1
Mcu.IP4=SYS
Mcu.IP5=USART1
Mcu.IPNb=6
Mcu.Name=STM32F030F4Px
Mcu.Package=TSSOP20
Mcu.Pin0=PA1
Mcu.Pin1=PA2
Mcu.Pin10=PA14
Mcu.Pin11=VP_SYS_VS_Systick
Mcu.Pin2=PA3
Mcu.Pin3=PA4
Mcu.Pin4=PA5
Mcu.Pin5=PA6
Mcu.Pin6=PA7
Mcu.Pin7=PA9
Mcu.Pin8=PA10
Mcu.Pin9=PA13
Mcu.PinsNb=12
Mcu.ThirdPartyNb=0
Mcu.UserConstants=
Mcu.UserName=STM32F030F4Px
MxCube.Version=4.27.0
MxDb.Version=DB.4.0.270
NVIC.HardFault_IRQn=true\:0\:0\:false\:false\:true\:false
NVIC.NonMaskableInt_IRQn=true\:0\:0\:false\:false\:true\:false
NVIC.PendSV_IRQn=true\:0\:0\:false\:false\:true\:false
NVIC.SVC_IRQn=true\:0\:0\:false\:false\:true\:false
NVIC.SysTick_IRQn=true\:0\:0\:false\:false\:true\:false
PA1.GPIOParameters=GPIO_Label
PA1.GPIO_Label=NRF_CE
PA1.Locked=true
PA1.Signal=GPIO_Output
PA10.Mode=I2C
PA10.Signal=I2C1_SDA
PA13.Mode=Serial_Wire
PA13.Signal=SYS_SWDIO
PA14.Mode=Serial_Wire
PA14.Signal=SYS_SWCLK
PA2.Mode=Asynchronous
PA2.Signal=USART1_TX
PA3.Mode=Asynchronous
PA3.Signal=USART1_RX
PA4.GPIOParameters=PinState,GPIO_Label
PA4.GPIO_Label=SPI1_CS
PA4.Locked=true
PA4.PinState=GPIO_PIN_SET
PA4.Signal=GPIO_Output
PA5.Mode=Full_Duplex_Master
PA5.Signal=SPI1_SCK
PA6.Mode=Full_Duplex_Master
PA6.Signal=SPI1_MISO
PA7.Mode=Full_Duplex_Master
PA7.Signal=SPI1_MOSI
PA9.Mode=I2C
PA9.Signal=I2C1_SCL
PCC.Checker=false
PCC.Line=STM32F0x0 Value Line
PCC.MCU=STM32F030F4Px
PCC.PartNumber=STM32F030F4Px
PCC.Seq0=0
PCC.Series=STM32F0
PCC.Temperature=25
PCC.Vdd=3.6
PinOutPanel.RotationAngle=0
ProjectManager.AskForMigrate=true
ProjectManager.BackupPrevious=false
ProjectManager.CompilerOptimize=6
ProjectManager.ComputerToolchain=false
ProjectManager.CoupleFile=false
ProjectManager.CustomerFirmwarePackage=
ProjectManager.DefaultFWLocation=true
ProjectManager.DeletePrevious=true
ProjectManager.DeviceId=STM32F030F4Px
ProjectManager.FirmwarePackage=STM32Cube FW_F0 V1.9.0
ProjectManager.FreePins=false
ProjectManager.HalAssertFull=false
ProjectManager.HeapSize=0x200
ProjectManager.KeepUserCode=true
ProjectManager.LastFirmware=true
ProjectManager.LibraryCopy=1
ProjectManager.MainLocation=Src
ProjectManager.NoMain=false
ProjectManager.PreviousToolchain=
ProjectManager.ProjectBuild=false
ProjectManager.ProjectFileName=dt_tx.ioc
ProjectManager.ProjectName=dt_tx
ProjectManager.StackSize=0x400
ProjectManager.TargetToolchain=MDK-ARM V5
ProjectManager.ToolChainLocation=
ProjectManager.UnderRoot=false
ProjectManager.functionlistsort=1-MX_GPIO_Init-GPIO-false-HAL-true,2-SystemClock_Config-RCC-false-HAL-false,3-MX_SPI1_Init-SPI1-false-HAL-true,4-MX_I2C1_Init-I2C1-false-HAL-true,5-MX_USART1_UART_Init-USART1-false-HAL-true
RCC.AHBFreq_Value=48000000
RCC.APB1Freq_Value=48000000
RCC.APB1TimFreq_Value=48000000
RCC.FCLKCortexFreq_Value=48000000
RCC.FamilyName=M
RCC.HCLKFreq_Value=48000000
RCC.I2C1Freq_Value=48000000
RCC.I2c1ClockSelection=RCC_I2C1CLKSOURCE_SYSCLK
RCC.IPParameters=AHBFreq_Value,APB1Freq_Value,APB1TimFreq_Value,FCLKCortexFreq_Value,FamilyName,HCLKFreq_Value,I2C1Freq_Value,I2c1ClockSelection,PLLCLKFreq_Value,PLLMUL,SYSCLKFreq_VALUE,SYSCLKSource,TimSysFreq_Value,USART1Freq_Value
RCC.PLLCLKFreq_Value=48000000
RCC.PLLMUL=RCC_PLL_MUL12
RCC.SYSCLKFreq_VALUE=48000000
RCC.SYSCLKSource=RCC_SYSCLKSOURCE_PLLCLK
RCC.TimSysFreq_Value=48000000
RCC.USART1Freq_Value=48000000
SPI1.BaudRatePrescaler=SPI_BAUDRATEPRESCALER_32
SPI1.CalculateBaudRate=1.5 MBits/s
SPI1.DataSize=SPI_DATASIZE_8BIT
SPI1.Direction=SPI_DIRECTION_2LINES
SPI1.IPParameters=VirtualType,Mode,Direction,CalculateBaudRate,BaudRatePrescaler,DataSize,NSSPMode
SPI1.Mode=SPI_MODE_MASTER
SPI1.NSSPMode=SPI_NSS_PULSE_DISABLE
SPI1.VirtualType=VM_MASTER
USART1.BaudRate=115200
USART1.IPParameters=VirtualMode-Asynchronous,BaudRate
USART1.VirtualMode-Asynchronous=VM_ASYNC
VP_SYS_VS_Systick.Mode=SysTick
VP_SYS_VS_Systick.Signal=SYS_VS_Systick
board=custom
